// !$*UTF8*$!
{
	archiveVersion = 1;
	classes = {
	};
	objectVersion = 55;
	objects = {

/* Begin PBXBuildFile section */
		E63B3BAA281A3657004DCCBD /* ExpandMindApp.swift in Sources */ = {isa = PBXBuildFile; fileRef = E63B3BA9281A3657004DCCBD /* ExpandMindApp.swift */; };
		E63B3BAC281A3657004DCCBD /* ContentView.swift in Sources */ = {isa = PBXBuildFile; fileRef = E63B3BAB281A3657004DCCBD /* ContentView.swift */; };
		E63B3BAE281A3658004DCCBD /* Assets.xcassets in Resources */ = {isa = PBXBuildFile; fileRef = E63B3BAD281A3658004DCCBD /* Assets.xcassets */; };
		E63B3BB1281A3658004DCCBD /* Preview Assets.xcassets in Resources */ = {isa = PBXBuildFile; fileRef = E63B3BB0281A3658004DCCBD /* Preview Assets.xcassets */; };
		E63B3BBA281A37DB004DCCBD /* MainView.swift in Sources */ = {isa = PBXBuildFile; fileRef = E63B3BB9281A37DB004DCCBD /* MainView.swift */; };
		E63B3BBC281A3815004DCCBD /* RecordCategoryView.swift in Sources */ = {isa = PBXBuildFile; fileRef = E63B3BBB281A3815004DCCBD /* RecordCategoryView.swift */; };
		E63B3BBE281A3827004DCCBD /* SettingView.swift in Sources */ = {isa = PBXBuildFile; fileRef = E63B3BBD281A3827004DCCBD /* SettingView.swift */; };
		E63B3BC0281A3E68004DCCBD /* VideoView.swift in Sources */ = {isa = PBXBuildFile; fileRef = E63B3BBF281A3E68004DCCBD /* VideoView.swift */; };
		E63B3BC2281A42D6004DCCBD /* ColorExtention.swift in Sources */ = {isa = PBXBuildFile; fileRef = E63B3BC1281A42D5004DCCBD /* ColorExtention.swift */; };
		E63B3BC4281A705A004DCCBD /* YoutubeView.swift in Sources */ = {isa = PBXBuildFile; fileRef = E63B3BC3281A705A004DCCBD /* YoutubeView.swift */; };
		E63B3BC6281A842A004DCCBD /* WriteView.swift in Sources */ = {isa = PBXBuildFile; fileRef = E63B3BC5281A842A004DCCBD /* WriteView.swift */; };
		E6A60365281E5F6D002C8D74 /* Models.swift in Sources */ = {isa = PBXBuildFile; fileRef = E6A60364281E5F6D002C8D74 /* Models.swift */; };
		E6A60367281E8104002C8D74 /* CategoryListView.swift in Sources */ = {isa = PBXBuildFile; fileRef = E6A60366281E8104002C8D74 /* CategoryListView.swift */; };
		E6A60369281E9662002C8D74 /* WriteModal.swift in Sources */ = {isa = PBXBuildFile; fileRef = E6A60368281E9662002C8D74 /* WriteModal.swift */; };
		E6A6036B281FF0F8002C8D74 /* FirstSettingView.swift in Sources */ = {isa = PBXBuildFile; fileRef = E6A6036A281FF0F8002C8D74 /* FirstSettingView.swift */; };
		E6A6036D28200AD9002C8D74 /* observableClass.swift in Sources */ = {isa = PBXBuildFile; fileRef = E6A6036C28200AD9002C8D74 /* observableClass.swift */; };
		E6A60371282146FA002C8D74 /* CodableModel.swift in Sources */ = {isa = PBXBuildFile; fileRef = E6A60370282146FA002C8D74 /* CodableModel.swift */; };
		E6A6037328214828002C8D74 /* Network.swift in Sources */ = {isa = PBXBuildFile; fileRef = E6A6037228214828002C8D74 /* Network.swift */; };
		E6A6037528221625002C8D74 /* ActivityIndicator.swift in Sources */ = {isa = PBXBuildFile; fileRef = E6A6037428221625002C8D74 /* ActivityIndicator.swift */; };
		E6A6037828229F37002C8D74 /* Model.xcdatamodeld in Sources */ = {isa = PBXBuildFile; fileRef = E6A6037628229F37002C8D74 /* Model.xcdatamodeld */; };
		E6A6038D2822AD4C002C8D74 /* CategoryCheck+CoreDataClass.swift in Sources */ = {isa = PBXBuildFile; fileRef = E6A603892822AD4C002C8D74 /* CategoryCheck+CoreDataClass.swift */; };
		E6A6038E2822AD4C002C8D74 /* CategoryCheck+CoreDataProperties.swift in Sources */ = {isa = PBXBuildFile; fileRef = E6A6038A2822AD4C002C8D74 /* CategoryCheck+CoreDataProperties.swift */; };
		E6A6038F2822AD4C002C8D74 /* VideoWriting+CoreDataClass.swift in Sources */ = {isa = PBXBuildFile; fileRef = E6A6038B2822AD4C002C8D74 /* VideoWriting+CoreDataClass.swift */; };
		E6A603902822AD4C002C8D74 /* VideoWriting+CoreDataProperties.swift in Sources */ = {isa = PBXBuildFile; fileRef = E6A6038C2822AD4C002C8D74 /* VideoWriting+CoreDataProperties.swift */; };
		E6A603922822ADF3002C8D74 /* CoreDataManager.swift in Sources */ = {isa = PBXBuildFile; fileRef = E6A603912822ADF3002C8D74 /* CoreDataManager.swift */; };
/* End PBXBuildFile section */

/* Begin PBXFileReference section */
		E63B3BA6281A3657004DCCBD /* ExpandMind.app */ = {isa = PBXFileReference; explicitFileType = wrapper.application; includeInIndex = 0; path = ExpandMind.app; sourceTree = BUILT_PRODUCTS_DIR; };
		E63B3BA9281A3657004DCCBD /* ExpandMindApp.swift */ = {isa = PBXFileReference; lastKnownFileType = sourcecode.swift; path = ExpandMindApp.swift; sourceTree = "<group>"; };
		E63B3BAB281A3657004DCCBD /* ContentView.swift */ = {isa = PBXFileReference; lastKnownFileType = sourcecode.swift; path = ContentView.swift; sourceTree = "<group>"; };
		E63B3BAD281A3658004DCCBD /* Assets.xcassets */ = {isa = PBXFileReference; lastKnownFileType = folder.assetcatalog; path = Assets.xcassets; sourceTree = "<group>"; };
		E63B3BB0281A3658004DCCBD /* Preview Assets.xcassets */ = {isa = PBXFileReference; lastKnownFileType = folder.assetcatalog; path = "Preview Assets.xcassets"; sourceTree = "<group>"; };
		E63B3BB9281A37DB004DCCBD /* MainView.swift */ = {isa = PBXFileReference; lastKnownFileType = sourcecode.swift; path = MainView.swift; sourceTree = "<group>"; };
		E63B3BBB281A3815004DCCBD /* RecordCategoryView.swift */ = {isa = PBXFileReference; lastKnownFileType = sourcecode.swift; path = RecordCategoryView.swift; sourceTree = "<group>"; };
		E63B3BBD281A3827004DCCBD /* SettingView.swift */ = {isa = PBXFileReference; lastKnownFileType = sourcecode.swift; path = SettingView.swift; sourceTree = "<group>"; };
		E63B3BBF281A3E68004DCCBD /* VideoView.swift */ = {isa = PBXFileReference; lastKnownFileType = sourcecode.swift; path = VideoView.swift; sourceTree = "<group>"; };
		E63B3BC1281A42D5004DCCBD /* ColorExtention.swift */ = {isa = PBXFileReference; lastKnownFileType = sourcecode.swift; path = ColorExtention.swift; sourceTree = "<group>"; };
		E63B3BC3281A705A004DCCBD /* YoutubeView.swift */ = {isa = PBXFileReference; lastKnownFileType = sourcecode.swift; path = YoutubeView.swift; sourceTree = "<group>"; };
		E63B3BC5281A842A004DCCBD /* WriteView.swift */ = {isa = PBXFileReference; lastKnownFileType = sourcecode.swift; path = WriteView.swift; sourceTree = "<group>"; };
		E6A60364281E5F6D002C8D74 /* Models.swift */ = {isa = PBXFileReference; lastKnownFileType = sourcecode.swift; path = Models.swift; sourceTree = "<group>"; };
		E6A60366281E8104002C8D74 /* CategoryListView.swift */ = {isa = PBXFileReference; lastKnownFileType = sourcecode.swift; path = CategoryListView.swift; sourceTree = "<group>"; };
		E6A60368281E9662002C8D74 /* WriteModal.swift */ = {isa = PBXFileReference; lastKnownFileType = sourcecode.swift; path = WriteModal.swift; sourceTree = "<group>"; };
		E6A6036A281FF0F8002C8D74 /* FirstSettingView.swift */ = {isa = PBXFileReference; lastKnownFileType = sourcecode.swift; path = FirstSettingView.swift; sourceTree = "<group>"; };
		E6A6036C28200AD9002C8D74 /* observableClass.swift */ = {isa = PBXFileReference; lastKnownFileType = sourcecode.swift; path = observableClass.swift; sourceTree = "<group>"; };
		E6A60370282146FA002C8D74 /* CodableModel.swift */ = {isa = PBXFileReference; lastKnownFileType = sourcecode.swift; path = CodableModel.swift; sourceTree = "<group>"; };
		E6A6037228214828002C8D74 /* Network.swift */ = {isa = PBXFileReference; lastKnownFileType = sourcecode.swift; path = Network.swift; sourceTree = "<group>"; };
		E6A6037428221625002C8D74 /* ActivityIndicator.swift */ = {isa = PBXFileReference; lastKnownFileType = sourcecode.swift; path = ActivityIndicator.swift; sourceTree = "<group>"; };
		E6A6037728229F37002C8D74 /* Model.xcdatamodel */ = {isa = PBXFileReference; lastKnownFileType = wrapper.xcdatamodel; path = Model.xcdatamodel; sourceTree = "<group>"; };
		E6A603892822AD4C002C8D74 /* CategoryCheck+CoreDataClass.swift */ = {isa = PBXFileReference; lastKnownFileType = sourcecode.swift; path = "CategoryCheck+CoreDataClass.swift"; sourceTree = "<group>"; };
		E6A6038A2822AD4C002C8D74 /* CategoryCheck+CoreDataProperties.swift */ = {isa = PBXFileReference; lastKnownFileType = sourcecode.swift; path = "CategoryCheck+CoreDataProperties.swift"; sourceTree = "<group>"; };
		E6A6038B2822AD4C002C8D74 /* VideoWriting+CoreDataClass.swift */ = {isa = PBXFileReference; lastKnownFileType = sourcecode.swift; path = "VideoWriting+CoreDataClass.swift"; sourceTree = "<group>"; };
		E6A6038C2822AD4C002C8D74 /* VideoWriting+CoreDataProperties.swift */ = {isa = PBXFileReference; lastKnownFileType = sourcecode.swift; path = "VideoWriting+CoreDataProperties.swift"; sourceTree = "<group>"; };
		E6A603912822ADF3002C8D74 /* CoreDataManager.swift */ = {isa = PBXFileReference; lastKnownFileType = sourcecode.swift; path = CoreDataManager.swift; sourceTree = "<group>"; };
/* End PBXFileReference section */

/* Begin PBXFrameworksBuildPhase section */
		E63B3BA3281A3657004DCCBD /* Frameworks */ = {
			isa = PBXFrameworksBuildPhase;
			buildActionMask = 2147483647;
			files = (
			);
			runOnlyForDeploymentPostprocessing = 0;
		};
/* End PBXFrameworksBuildPhase section */

/* Begin PBXGroup section */
		E63B3B9D281A3657004DCCBD = {
			isa = PBXGroup;
			children = (
				E6A603892822AD4C002C8D74 /* CategoryCheck+CoreDataClass.swift */,
				E6A6038A2822AD4C002C8D74 /* CategoryCheck+CoreDataProperties.swift */,
				E6A6038B2822AD4C002C8D74 /* VideoWriting+CoreDataClass.swift */,
				E6A6038C2822AD4C002C8D74 /* VideoWriting+CoreDataProperties.swift */,
				E63B3BA8281A3657004DCCBD /* ExpandMind */,
				E63B3BA7281A3657004DCCBD /* Products */,
			);
			sourceTree = "<group>";
		};
		E63B3BA7281A3657004DCCBD /* Products */ = {
			isa = PBXGroup;
			children = (
				E63B3BA6281A3657004DCCBD /* ExpandMind.app */,
			);
			name = Products;
			sourceTree = "<group>";
		};
		E63B3BA8281A3657004DCCBD /* ExpandMind */ = {
			isa = PBXGroup;
			children = (
				E63B3BA9281A3657004DCCBD /* ExpandMindApp.swift */,
				E63B3BAB281A3657004DCCBD /* ContentView.swift */,
				E63B3BB9281A37DB004DCCBD /* MainView.swift */,
				E6A6036C28200AD9002C8D74 /* observableClass.swift */,
				E6A6036E282136B3002C8D74 /* First Group */,
				E6A6036F2821372A002C8D74 /* Second Group */,
				E6A60364281E5F6D002C8D74 /* Models.swift */,
				E63B3BBD281A3827004DCCBD /* SettingView.swift */,
				E6A60370282146FA002C8D74 /* CodableModel.swift */,
				E6A6037228214828002C8D74 /* Network.swift */,
				E6A6036A281FF0F8002C8D74 /* FirstSettingView.swift */,
				E63B3BC1281A42D5004DCCBD /* ColorExtention.swift */,
				E6A603912822ADF3002C8D74 /* CoreDataManager.swift */,
				E6A6037628229F37002C8D74 /* Model.xcdatamodeld */,
				E63B3BAD281A3658004DCCBD /* Assets.xcassets */,
				E63B3BAF281A3658004DCCBD /* Preview Content */,
			);
			path = ExpandMind;
			sourceTree = "<group>";
		};
		E63B3BAF281A3658004DCCBD /* Preview Content */ = {
			isa = PBXGroup;
			children = (
				E63B3BB0281A3658004DCCBD /* Preview Assets.xcassets */,
			);
			path = "Preview Content";
			sourceTree = "<group>";
		};
		E6A6036E282136B3002C8D74 /* First Group */ = {
			isa = PBXGroup;
			children = (
				E63B3BC3281A705A004DCCBD /* YoutubeView.swift */,
				E63B3BBF281A3E68004DCCBD /* VideoView.swift */,
				E63B3BC5281A842A004DCCBD /* WriteView.swift */,
				E6A6037428221625002C8D74 /* ActivityIndicator.swift */,
			);
			path = "First Group";
			sourceTree = "<group>";
		};
		E6A6036F2821372A002C8D74 /* Second Group */ = {
			isa = PBXGroup;
			children = (
				E63B3BBB281A3815004DCCBD /* RecordCategoryView.swift */,
				E6A60366281E8104002C8D74 /* CategoryListView.swift */,
				E6A60368281E9662002C8D74 /* WriteModal.swift */,
			);
			path = "Second Group";
			sourceTree = "<group>";
		};
/* End PBXGroup section */

/* Begin PBXNativeTarget section */
		E63B3BA5281A3657004DCCBD /* ExpandMind */ = {
			isa = PBXNativeTarget;
			buildConfigurationList = E63B3BB4281A3658004DCCBD /* Build configuration list for PBXNativeTarget "ExpandMind" */;
			buildPhases = (
				E63B3BA2281A3657004DCCBD /* Sources */,
				E63B3BA3281A3657004DCCBD /* Frameworks */,
				E63B3BA4281A3657004DCCBD /* Resources */,
			);
			buildRules = (
			);
			dependencies = (
			);
			name = ExpandMind;
			productName = ExpandMind;
			productReference = E63B3BA6281A3657004DCCBD /* ExpandMind.app */;
			productType = "com.apple.product-type.application";
		};
/* End PBXNativeTarget section */

/* Begin PBXProject section */
		E63B3B9E281A3657004DCCBD /* Project object */ = {
			isa = PBXProject;
			attributes = {
				BuildIndependentTargetsInParallel = 1;
				LastSwiftUpdateCheck = 1330;
				LastUpgradeCheck = 1330;
				TargetAttributes = {
					E63B3BA5281A3657004DCCBD = {
						CreatedOnToolsVersion = 13.3.1;
					};
				};
			};
			buildConfigurationList = E63B3BA1281A3657004DCCBD /* Build configuration list for PBXProject "ExpandMind" */;
			compatibilityVersion = "Xcode 13.0";
			developmentRegion = en;
			hasScannedForEncodings = 0;
			knownRegions = (
				en,
				Base,
			);
			mainGroup = E63B3B9D281A3657004DCCBD;
			productRefGroup = E63B3BA7281A3657004DCCBD /* Products */;
			projectDirPath = "";
			projectRoot = "";
			targets = (
				E63B3BA5281A3657004DCCBD /* ExpandMind */,
			);
		};
/* End PBXProject section */

/* Begin PBXResourcesBuildPhase section */
		E63B3BA4281A3657004DCCBD /* Resources */ = {
			isa = PBXResourcesBuildPhase;
			buildActionMask = 2147483647;
			files = (
				E63B3BB1281A3658004DCCBD /* Preview Assets.xcassets in Resources */,
				E63B3BAE281A3658004DCCBD /* Assets.xcassets in Resources */,
			);
			runOnlyForDeploymentPostprocessing = 0;
		};
/* End PBXResourcesBuildPhase section */

/* Begin PBXSourcesBuildPhase section */
		E63B3BA2281A3657004DCCBD /* Sources */ = {
			isa = PBXSourcesBuildPhase;
			buildActionMask = 2147483647;
			files = (
				E6A6038D2822AD4C002C8D74 /* CategoryCheck+CoreDataClass.swift in Sources */,
				E63B3BC0281A3E68004DCCBD /* VideoView.swift in Sources */,
				E6A6036D28200AD9002C8D74 /* observableClass.swift in Sources */,
				E6A6037328214828002C8D74 /* Network.swift in Sources */,
				E6A6038E2822AD4C002C8D74 /* CategoryCheck+CoreDataProperties.swift in Sources */,
				E63B3BAC281A3657004DCCBD /* ContentView.swift in Sources */,
				E6A60367281E8104002C8D74 /* CategoryListView.swift in Sources */,
				E6A6037828229F37002C8D74 /* Model.xcdatamodeld in Sources */,
				E6A603922822ADF3002C8D74 /* CoreDataManager.swift in Sources */,
				E6A60369281E9662002C8D74 /* WriteModal.swift in Sources */,
				E6A6036B281FF0F8002C8D74 /* FirstSettingView.swift in Sources */,
				E63B3BC6281A842A004DCCBD /* WriteView.swift in Sources */,
				E63B3BBE281A3827004DCCBD /* SettingView.swift in Sources */,
				E63B3BBA281A37DB004DCCBD /* MainView.swift in Sources */,
				E63B3BC4281A705A004DCCBD /* YoutubeView.swift in Sources */,
				E63B3BAA281A3657004DCCBD /* ExpandMindApp.swift in Sources */,
				E63B3BBC281A3815004DCCBD /* RecordCategoryView.swift in Sources */,
				E6A603902822AD4C002C8D74 /* VideoWriting+CoreDataProperties.swift in Sources */,
				E63B3BC2281A42D6004DCCBD /* ColorExtention.swift in Sources */,
				E6A60371282146FA002C8D74 /* CodableModel.swift in Sources */,
				E6A60365281E5F6D002C8D74 /* Models.swift in Sources */,
				E6A6038F2822AD4C002C8D74 /* VideoWriting+CoreDataClass.swift in Sources */,
				E6A6037528221625002C8D74 /* ActivityIndicator.swift in Sources */,
			);
			runOnlyForDeploymentPostprocessing = 0;
		};
/* End PBXSourcesBuildPhase section */

/* Begin XCBuildConfiguration section */
		E63B3BB2281A3658004DCCBD /* Debug */ = {
			isa = XCBuildConfiguration;
			buildSettings = {
				ALWAYS_SEARCH_USER_PATHS = NO;
				CLANG_ANALYZER_NONNULL = YES;
				CLANG_ANALYZER_NUMBER_OBJECT_CONVERSION = YES_AGGRESSIVE;
				CLANG_CXX_LANGUAGE_STANDARD = "gnu++17";
				CLANG_ENABLE_MODULES = YES;
				CLANG_ENABLE_OBJC_ARC = YES;
				CLANG_ENABLE_OBJC_WEAK = YES;
				CLANG_WARN_BLOCK_CAPTURE_AUTORELEASING = YES;
				CLANG_WARN_BOOL_CONVERSION = YES;
				CLANG_WARN_COMMA = YES;
				CLANG_WARN_CONSTANT_CONVERSION = YES;
				CLANG_WARN_DEPRECATED_OBJC_IMPLEMENTATIONS = YES;
				CLANG_WARN_DIRECT_OBJC_ISA_USAGE = YES_ERROR;
				CLANG_WARN_DOCUMENTATION_COMMENTS = YES;
				CLANG_WARN_EMPTY_BODY = YES;
				CLANG_WARN_ENUM_CONVERSION = YES;
				CLANG_WARN_INFINITE_RECURSION = YES;
				CLANG_WARN_INT_CONVERSION = YES;
				CLANG_WARN_NON_LITERAL_NULL_CONVERSION = YES;
				CLANG_WARN_OBJC_IMPLICIT_RETAIN_SELF = YES;
				CLANG_WARN_OBJC_LITERAL_CONVERSION = YES;
				CLANG_WARN_OBJC_ROOT_CLASS = YES_ERROR;
				CLANG_WARN_QUOTED_INCLUDE_IN_FRAMEWORK_HEADER = YES;
				CLANG_WARN_RANGE_LOOP_ANALYSIS = YES;
				CLANG_WARN_STRICT_PROTOTYPES = YES;
				CLANG_WARN_SUSPICIOUS_MOVE = YES;
				CLANG_WARN_UNGUARDED_AVAILABILITY = YES_AGGRESSIVE;
				CLANG_WARN_UNREACHABLE_CODE = YES;
				CLANG_WARN__DUPLICATE_METHOD_MATCH = YES;
				COPY_PHASE_STRIP = NO;
				DEBUG_INFORMATION_FORMAT = dwarf;
				ENABLE_STRICT_OBJC_MSGSEND = YES;
				ENABLE_TESTABILITY = YES;
				GCC_C_LANGUAGE_STANDARD = gnu11;
				GCC_DYNAMIC_NO_PIC = NO;
				GCC_NO_COMMON_BLOCKS = YES;
				GCC_OPTIMIZATION_LEVEL = 0;
				GCC_PREPROCESSOR_DEFINITIONS = (
					"DEBUG=1",
					"$(inherited)",
				);
				GCC_WARN_64_TO_32_BIT_CONVERSION = YES;
				GCC_WARN_ABOUT_RETURN_TYPE = YES_ERROR;
				GCC_WARN_UNDECLARED_SELECTOR = YES;
				GCC_WARN_UNINITIALIZED_AUTOS = YES_AGGRESSIVE;
				GCC_WARN_UNUSED_FUNCTION = YES;
				GCC_WARN_UNUSED_VARIABLE = YES;
				IPHONEOS_DEPLOYMENT_TARGET = 15.4;
				MTL_ENABLE_DEBUG_INFO = INCLUDE_SOURCE;
				MTL_FAST_MATH = YES;
				ONLY_ACTIVE_ARCH = YES;
				SDKROOT = iphoneos;
				SWIFT_ACTIVE_COMPILATION_CONDITIONS = DEBUG;
				SWIFT_OPTIMIZATION_LEVEL = "-Onone";
			};
			name = Debug;
		};
		E63B3BB3281A3658004DCCBD /* Release */ = {
			isa = XCBuildConfiguration;
			buildSettings = {
				ALWAYS_SEARCH_USER_PATHS = NO;
				CLANG_ANALYZER_NONNULL = YES;
				CLANG_ANALYZER_NUMBER_OBJECT_CONVERSION = YES_AGGRESSIVE;
				CLANG_CXX_LANGUAGE_STANDARD = "gnu++17";
				CLANG_ENABLE_MODULES = YES;
				CLANG_ENABLE_OBJC_ARC = YES;
				CLANG_ENABLE_OBJC_WEAK = YES;
				CLANG_WARN_BLOCK_CAPTURE_AUTORELEASING = YES;
				CLANG_WARN_BOOL_CONVERSION = YES;
				CLANG_WARN_COMMA = YES;
				CLANG_WARN_CONSTANT_CONVERSION = YES;
				CLANG_WARN_DEPRECATED_OBJC_IMPLEMENTATIONS = YES;
				CLANG_WARN_DIRECT_OBJC_ISA_USAGE = YES_ERROR;
				CLANG_WARN_DOCUMENTATION_COMMENTS = YES;
				CLANG_WARN_EMPTY_BODY = YES;
				CLANG_WARN_ENUM_CONVERSION = YES;
				CLANG_WARN_INFINITE_RECURSION = YES;
				CLANG_WARN_INT_CONVERSION = YES;
				CLANG_WARN_NON_LITERAL_NULL_CONVERSION = YES;
				CLANG_WARN_OBJC_IMPLICIT_RETAIN_SELF = YES;
				CLANG_WARN_OBJC_LITERAL_CONVERSION = YES;
				CLANG_WARN_OBJC_ROOT_CLASS = YES_ERROR;
				CLANG_WARN_QUOTED_INCLUDE_IN_FRAMEWORK_HEADER = YES;
				CLANG_WARN_RANGE_LOOP_ANALYSIS = YES;
				CLANG_WARN_STRICT_PROTOTYPES = YES;
				CLANG_WARN_SUSPICIOUS_MOVE = YES;
				CLANG_WARN_UNGUARDED_AVAILABILITY = YES_AGGRESSIVE;
				CLANG_WARN_UNREACHABLE_CODE = YES;
				CLANG_WARN__DUPLICATE_METHOD_MATCH = YES;
				COPY_PHASE_STRIP = NO;
				DEBUG_INFORMATION_FORMAT = "dwarf-with-dsym";
				ENABLE_NS_ASSERTIONS = NO;
				ENABLE_STRICT_OBJC_MSGSEND = YES;
				GCC_C_LANGUAGE_STANDARD = gnu11;
				GCC_NO_COMMON_BLOCKS = YES;
				GCC_WARN_64_TO_32_BIT_CONVERSION = YES;
				GCC_WARN_ABOUT_RETURN_TYPE = YES_ERROR;
				GCC_WARN_UNDECLARED_SELECTOR = YES;
				GCC_WARN_UNINITIALIZED_AUTOS = YES_AGGRESSIVE;
				GCC_WARN_UNUSED_FUNCTION = YES;
				GCC_WARN_UNUSED_VARIABLE = YES;
				IPHONEOS_DEPLOYMENT_TARGET = 15.4;
				MTL_ENABLE_DEBUG_INFO = NO;
				MTL_FAST_MATH = YES;
				SDKROOT = iphoneos;
				SWIFT_COMPILATION_MODE = wholemodule;
				SWIFT_OPTIMIZATION_LEVEL = "-O";
				VALIDATE_PRODUCT = YES;
			};
			name = Release;
		};
		E63B3BB5281A3658004DCCBD /* Debug */ = {
			isa = XCBuildConfiguration;
			buildSettings = {
				ASSETCATALOG_COMPILER_APPICON_NAME = AppIcon;
				ASSETCATALOG_COMPILER_GLOBAL_ACCENT_COLOR_NAME = AccentColor;
				CODE_SIGN_STYLE = Automatic;
				CURRENT_PROJECT_VERSION = 1;
				DEVELOPMENT_ASSET_PATHS = "\"ExpandMind/Preview Content\"";
				ENABLE_PREVIEWS = YES;
				GENERATE_INFOPLIST_FILE = YES;
				INFOPLIST_KEY_UIApplicationSceneManifest_Generation = YES;
				INFOPLIST_KEY_UIApplicationSupportsIndirectInputEvents = YES;
				INFOPLIST_KEY_UILaunchScreen_Generation = YES;
				INFOPLIST_KEY_UISupportedInterfaceOrientations_iPad = "UIInterfaceOrientationPortrait UIInterfaceOrientationPortraitUpsideDown UIInterfaceOrientationLandscapeLeft UIInterfaceOrientationLandscapeRight";
				INFOPLIST_KEY_UISupportedInterfaceOrientations_iPhone = "UIInterfaceOrientationPortrait UIInterfaceOrientationLandscapeLeft UIInterfaceOrientationLandscapeRight";
				LD_RUNPATH_SEARCH_PATHS = (
					"$(inherited)",
					"@executable_path/Frameworks",
				);
				MARKETING_VERSION = 1.0;
				PRODUCT_BUNDLE_IDENTIFIER = com.raymond.Workshop.ExpandMind;
				PRODUCT_NAME = "$(TARGET_NAME)";
				SWIFT_EMIT_LOC_STRINGS = YES;
				SWIFT_VERSION = 5.0;
				TARGETED_DEVICE_FAMILY = "1,2";
			};
			name = Debug;
		};
		E63B3BB6281A3658004DCCBD /* Release */ = {
			isa = XCBuildConfiguration;
			buildSettings = {
				ASSETCATALOG_COMPILER_APPICON_NAME = AppIcon;
				ASSETCATALOG_COMPILER_GLOBAL_ACCENT_COLOR_NAME = AccentColor;
				CODE_SIGN_STYLE = Automatic;
				CURRENT_PROJECT_VERSION = 1;
				DEVELOPMENT_ASSET_PATHS = "\"ExpandMind/Preview Content\"";
				ENABLE_PREVIEWS = YES;
				GENERATE_INFOPLIST_FILE = YES;
				INFOPLIST_KEY_UIApplicationSceneManifest_Generation = YES;
				INFOPLIST_KEY_UIApplicationSupportsIndirectInputEvents = YES;
				INFOPLIST_KEY_UILaunchScreen_Generation = YES;
				INFOPLIST_KEY_UISupportedInterfaceOrientations_iPad = "UIInterfaceOrientationPortrait UIInterfaceOrientationPortraitUpsideDown UIInterfaceOrientationLandscapeLeft UIInterfaceOrientationLandscapeRight";
				INFOPLIST_KEY_UISupportedInterfaceOrientations_iPhone = "UIInterfaceOrientationPortrait UIInterfaceOrientationLandscapeLeft UIInterfaceOrientationLandscapeRight";
				LD_RUNPATH_SEARCH_PATHS = (
					"$(inherited)",
					"@executable_path/Frameworks",
				);
				MARKETING_VERSION = 1.0;
				PRODUCT_BUNDLE_IDENTIFIER = com.raymond.Workshop.ExpandMind;
				PRODUCT_NAME = "$(TARGET_NAME)";
				SWIFT_EMIT_LOC_STRINGS = YES;
				SWIFT_VERSION = 5.0;
				TARGETED_DEVICE_FAMILY = "1,2";
			};
			name = Release;
		};
/* End XCBuildConfiguration section */

/* Begin XCConfigurationList section */
		E63B3BA1281A3657004DCCBD /* Build configuration list for PBXProject "ExpandMind" */ = {
			isa = XCConfigurationList;
			buildConfigurations = (
				E63B3BB2281A3658004DCCBD /* Debug */,
				E63B3BB3281A3658004DCCBD /* Release */,
			);
			defaultConfigurationIsVisible = 0;
			defaultConfigurationName = Release;
		};
		E63B3BB4281A3658004DCCBD /* Build configuration list for PBXNativeTarget "ExpandMind" */ = {
			isa = XCConfigurationList;
			buildConfigurations = (
				E63B3BB5281A3658004DCCBD /* Debug */,
				E63B3BB6281A3658004DCCBD /* Release */,
			);
			defaultConfigurationIsVisible = 0;
			defaultConfigurationName = Release;
		};
/* End XCConfigurationList section */

/* Begin XCVersionGroup section */
		E6A6037628229F37002C8D74 /* Model.xcdatamodeld */ = {
			isa = XCVersionGroup;
			children = (
				E6A6037728229F37002C8D74 /* Model.xcdatamodel */,
			);
			currentVersion = E6A6037728229F37002C8D74 /* Model.xcdatamodel */;
			path = Model.xcdatamodeld;
			sourceTree = "<group>";
			versionGroupType = wrapper.xcdatamodel;
		};
/* End XCVersionGroup section */
	};
	rootObject = E63B3B9E281A3657004DCCBD /* Project object */;
}
